
Microsoft Visual Studio Solution File, Format Version 12.00
# Visual Studio 14
VisualStudioVersion = 14.0.24720.0
MinimumVisualStudioVersion = 10.0.40219.1
Project("{FAE04EC0-301F-11D3-BF4B-00C04F79EFBC}") = "PC-Volume-Controller", "PC-Volume-Controller\PC-Volume-Controller.csproj", "{9EC12D5E-5D44-4827-8B1C-95AD2B3D5FF0}"
EndProject
Project("{FAE04EC0-301F-11D3-BF4B-00C04F79EFBC}") = "Audio", "..\Audio\Audio\Audio.csproj", "{BF5BABD1-3880-44A0-B1B4-59A7134330BE}"
EndProject
Global
	GlobalSection(SolutionConfigurationPlatforms) = preSolution
		Debug|Any CPU = Debug|Any CPU
		Release|Any CPU = Release|Any CPU
	EndGlobalSection
	GlobalSection(ProjectConfigurationPlatforms) = postSolution
		{9EC12D5E-5D44-4827-8B1C-95AD2B3D5FF0}.Debug|Any CPU.ActiveCfg = Debug|Any CPU
		{9EC12D5E-5D44-4827-8B1C-95AD2B3D5FF0}.Debug|Any CPU.Build.0 = Debug|Any CPU
		{9EC12D5E-5D44-4827-8B1C-95AD2B3D5FF0}.Release|Any CPU.ActiveCfg = Release|Any CPU
		{9EC12D5E-5D44-4827-8B1C-95AD2B3D5FF0}.Release|Any CPU.Build.0 = Release|Any CPU
		{BF5BABD1-3880-44A0-B1B4-59A7134330BE}.Debug|Any CPU.ActiveCfg = Debug|Any CPU
		{BF5BABD1-3880-44A0-B1B4-59A7134330BE}.Debug|Any CPU.Build.0 = Debug|Any CPU
		{BF5BABD1-3880-44A0-B1B4-59A7134330BE}.Release|Any CPU.ActiveCfg = Release|Any CPU
		{BF5BABD1-3880-44A0-B1B4-59A7134330BE}.Release|Any CPU.Build.0 = Release|Any CPU
	EndGlobalSection
	GlobalSection(SolutionProperties) = preSolution
		HideSolutionNode = FALSE
	EndGlobalSection
EndGlobal
